// !$*UTF8*$!
{
	archiveVersion = 1;
	classes = {
	};
	objectVersion = 56;
	objects = {

/* Begin PBXBuildFile section */
		83217FC32A5C27C2006F01BC /* Segment-binaries in Frameworks */ = {isa = PBXBuildFile; productRef = 83217FC22A5C27C2006F01BC /* Segment-binaries */; };
		83A850462A56FBD8003645F6 /* HosterSevenApp.swift in Sources */ = {isa = PBXBuildFile; fileRef = 83A850452A56FBD8003645F6 /* HosterSevenApp.swift */; };
		83A850482A56FBD8003645F6 /* ContentView.swift in Sources */ = {isa = PBXBuildFile; fileRef = 83A850472A56FBD8003645F6 /* ContentView.swift */; };
		83A8504A2A56FBDA003645F6 /* Assets.xcassets in Resources */ = {isa = PBXBuildFile; fileRef = 83A850492A56FBDA003645F6 /* Assets.xcassets */; };
		83A8504D2A56FBDA003645F6 /* Preview Assets.xcassets in Resources */ = {isa = PBXBuildFile; fileRef = 83A8504C2A56FBDA003645F6 /* Preview Assets.xcassets */; };
/* End PBXBuildFile section */

/* Begin PBXFileReference section */
		83217FC12A5C27BA006F01BC /* segment-binaries */ = {isa = PBXFileReference; lastKnownFileType = wrapper; path = "segment-binaries"; sourceTree = "<group>"; };
		83A850422A56FBD8003645F6 /* HosterSeven.app */ = {isa = PBXFileReference; explicitFileType = wrapper.application; includeInIndex = 0; path = HosterSeven.app; sourceTree = BUILT_PRODUCTS_DIR; };
		83A850452A56FBD8003645F6 /* HosterSevenApp.swift */ = {isa = PBXFileReference; lastKnownFileType = sourcecode.swift; path = HosterSevenApp.swift; sourceTree = "<group>"; };
		83A850472A56FBD8003645F6 /* ContentView.swift */ = {isa = PBXFileReference; lastKnownFileType = sourcecode.swift; path = ContentView.swift; sourceTree = "<group>"; };
		83A850492A56FBDA003645F6 /* Assets.xcassets */ = {isa = PBXFileReference; lastKnownFileType = folder.assetcatalog; path = Assets.xcassets; sourceTree = "<group>"; };
		83A8504C2A56FBDA003645F6 /* Preview Assets.xcassets */ = {isa = PBXFileReference; lastKnownFileType = folder.assetcatalog; path = "Preview Assets.xcassets"; sourceTree = "<group>"; };
		83A8504E2A56FBDA003645F6 /* HosterSeven.entitlements */ = {isa = PBXFileReference; lastKnownFileType = text.plist.entitlements; path = HosterSeven.entitlements; sourceTree = "<group>"; };
/* End PBXFileReference section */

/* Begin PBXFrameworksBuildPhase section */
		83A8503F2A56FBD8003645F6 /* Frameworks */ = {
			isa = PBXFrameworksBuildPhase;
			buildActionMask = 2147483647;
			files = (
				83217FC32A5C27C2006F01BC /* Segment-binaries in Frameworks */,
			);
			runOnlyForDeploymentPostprocessing = 0;
		};
/* End PBXFrameworksBuildPhase section */

/* Begin PBXGroup section */
		83A850392A56FBD8003645F6 = {
			isa = PBXGroup;
			children = (
				83217FC12A5C27BA006F01BC /* segment-binaries */,
				83A850442A56FBD8003645F6 /* HosterSeven */,
				83A850432A56FBD8003645F6 /* Products */,
				83A850552A56FC17003645F6 /* Frameworks */,
			);
			sourceTree = "<group>";
		};
		83A850432A56FBD8003645F6 /* Products */ = {
			isa = PBXGroup;
			children = (
				83A850422A56FBD8003645F6 /* HosterSeven.app */,
			);
			name = Products;
			sourceTree = "<group>";
		};
		83A850442A56FBD8003645F6 /* HosterSeven */ = {
			isa = PBXGroup;
			children = (
				83A850452A56FBD8003645F6 /* HosterSevenApp.swift */,
				83A850472A56FBD8003645F6 /* ContentView.swift */,
				83A850492A56FBDA003645F6 /* Assets.xcassets */,
				83A8504E2A56FBDA003645F6 /* HosterSeven.entitlements */,
				83A8504B2A56FBDA003645F6 /* Preview Content */,
			);
			path = HosterSeven;
			sourceTree = "<group>";
		};
		83A8504B2A56FBDA003645F6 /* Preview Content */ = {
			isa = PBXGroup;
			children = (
				83A8504C2A56FBDA003645F6 /* Preview Assets.xcassets */,
			);
			path = "Preview Content";
			sourceTree = "<group>";
		};
		83A850552A56FC17003645F6 /* Frameworks */ = {
			isa = PBXGroup;
			children = (
			);
			name = Frameworks;
			sourceTree = "<group>";
		};
/* End PBXGroup section */

/* Begin PBXNativeTarget section */
		83A850412A56FBD8003645F6 /* HosterSeven */ = {
			isa = PBXNativeTarget;
			buildConfigurationList = 83A850512A56FBDA003645F6 /* Build configuration list for PBXNativeTarget "HosterSeven" */;
			buildPhases = (
				83A8503E2A56FBD8003645F6 /* Sources */,
				83A8503F2A56FBD8003645F6 /* Frameworks */,
				83A850402A56FBD8003645F6 /* Resources */,
			);
			buildRules = (
			);
			dependencies = (
			);
			name = HosterSeven;
			packageProductDependencies = (
				83217FC22A5C27C2006F01BC /* Segment-binaries */,
			);
			productName = HosterSeven;
			productReference = 83A850422A56FBD8003645F6 /* HosterSeven.app */;
			productType = "com.apple.product-type.application";
		};
/* End PBXNativeTarget section */

/* Begin PBXProject section */
		83A8503A2A56FBD8003645F6 /* Project object */ = {
			isa = PBXProject;
			attributes = {
				BuildIndependentTargetsInParallel = 1;
				LastSwiftUpdateCheck = 1430;
				LastUpgradeCheck = 1430;
				TargetAttributes = {
					83A850412A56FBD8003645F6 = {
						CreatedOnToolsVersion = 14.3.1;
					};
				};
			};
			buildConfigurationList = 83A8503D2A56FBD8003645F6 /* Build configuration list for PBXProject "HosterSeven" */;
			compatibilityVersion = "Xcode 14.0";
			developmentRegion = en;
			hasScannedForEncodings = 0;
			knownRegions = (
				en,
				Base,
			);
			mainGroup = 83A850392A56FBD8003645F6;
			productRefGroup = 83A850432A56FBD8003645F6 /* Products */;
			projectDirPath = "";
			projectRoot = "";
			targets = (
				83A850412A56FBD8003645F6 /* HosterSeven */,
			);
		};
/* End PBXProject section */

/* Begin PBXResourcesBuildPhase section */
		83A850402A56FBD8003645F6 /* Resources */ = {
			isa = PBXResourcesBuildPhase;
			buildActionMask = 2147483647;
			files = (
				83A8504D2A56FBDA003645F6 /* Preview Assets.xcassets in Resources */,
				83A8504A2A56FBDA003645F6 /* Assets.xcassets in Resources */,
			);
			runOnlyForDeploymentPostprocessing = 0;
		};
/* End PBXResourcesBuildPhase section */

/* Begin PBXSourcesBuildPhase section */
		83A8503E2A56FBD8003645F6 /* Sources */ = {
			isa = PBXSourcesBuildPhase;
			buildActionMask = 2147483647;
			files = (
				83A850482A56FBD8003645F6 /* ContentView.swift in Sources */,
				83A850462A56FBD8003645F6 /* HosterSevenApp.swift in Sources */,
			);
			runOnlyForDeploymentPostprocessing = 0;
		};
/* End PBXSourcesBuildPhase section */

/* Begin XCBuildConfiguration section */
		83A8504F2A56FBDA003645F6 /* Debug */ = {
			isa = XCBuildConfiguration;
			buildSettings = {
				ALWAYS_SEARCH_USER_PATHS = NO;
				CLANG_ANALYZER_NONNULL = YES;
				CLANG_ANALYZER_NUMBER_OBJECT_CONVERSION = YES_AGGRESSIVE;
				CLANG_CXX_LANGUAGE_STANDARD = "gnu++20";
				CLANG_ENABLE_MODULES = YES;
				CLANG_ENABLE_OBJC_ARC = YES;
				CLANG_ENABLE_OBJC_WEAK = YES;
				CLANG_WARN_BLOCK_CAPTURE_AUTORELEASING = YES;
				CLANG_WARN_BOOL_CONVERSION = YES;
				CLANG_WARN_COMMA = YES;
				CLANG_WARN_CONSTANT_CONVERSION = YES;
				CLANG_WARN_DEPRECATED_OBJC_IMPLEMENTATIONS = YES;
				CLANG_WARN_DIRECT_OBJC_ISA_USAGE = YES_ERROR;
				CLANG_WARN_DOCUMENTATION_COMMENTS = YES;
				CLANG_WARN_EMPTY_BODY = YES;
				CLANG_WARN_ENUM_CONVERSION = YES;
				CLANG_WARN_INFINITE_RECURSION = YES;
				CLANG_WARN_INT_CONVERSION = YES;
				CLANG_WARN_NON_LITERAL_NULL_CONVERSION = YES;
				CLANG_WARN_OBJC_IMPLICIT_RETAIN_SELF = YES;
				CLANG_WARN_OBJC_LITERAL_CONVERSION = YES;
				CLANG_WARN_OBJC_ROOT_CLASS = YES_ERROR;
				CLANG_WARN_QUOTED_INCLUDE_IN_FRAMEWORK_HEADER = YES;
				CLANG_WARN_RANGE_LOOP_ANALYSIS = YES;
				CLANG_WARN_STRICT_PROTOTYPES = YES;
				CLANG_WARN_SUSPICIOUS_MOVE = YES;
				CLANG_WARN_UNGUARDED_AVAILABILITY = YES_AGGRESSIVE;
				CLANG_WARN_UNREACHABLE_CODE = YES;
				CLANG_WARN__DUPLICATE_METHOD_MATCH = YES;
				COPY_PHASE_STRIP = NO;
				DEBUG_INFORMATION_FORMAT = dwarf;
				ENABLE_STRICT_OBJC_MSGSEND = YES;
				ENABLE_TESTABILITY = YES;
				GCC_C_LANGUAGE_STANDARD = gnu11;
				GCC_DYNAMIC_NO_PIC = NO;
				GCC_NO_COMMON_BLOCKS = YES;
				GCC_OPTIMIZATION_LEVEL = 0;
				GCC_PREPROCESSOR_DEFINITIONS = (
					"DEBUG=1",
					"$(inherited)",
				);
				GCC_WARN_64_TO_32_BIT_CONVERSION = YES;
				GCC_WARN_ABOUT_RETURN_TYPE = YES_ERROR;
				GCC_WARN_UNDECLARED_SELECTOR = YES;
				GCC_WARN_UNINITIALIZED_AUTOS = YES_AGGRESSIVE;
				GCC_WARN_UNUSED_FUNCTION = YES;
				GCC_WARN_UNUSED_VARIABLE = YES;
				MACOSX_DEPLOYMENT_TARGET = 13.3;
				MTL_ENABLE_DEBUG_INFO = INCLUDE_SOURCE;
				MTL_FAST_MATH = YES;
				ONLY_ACTIVE_ARCH = YES;
				SDKROOT = macosx;
				SWIFT_ACTIVE_COMPILATION_CONDITIONS = DEBUG;
				SWIFT_OPTIMIZATION_LEVEL = "-Onone";
			};
			name = Debug;
		};
		83A850502A56FBDA003645F6 /* Release */ = {
			isa = XCBuildConfiguration;
			buildSettings = {
				ALWAYS_SEARCH_USER_PATHS = NO;
				CLANG_ANALYZER_NONNULL = YES;
				CLANG_ANALYZER_NUMBER_OBJECT_CONVERSION = YES_AGGRESSIVE;
				CLANG_CXX_LANGUAGE_STANDARD = "gnu++20";
				CLANG_ENABLE_MODULES = YES;
				CLANG_ENABLE_OBJC_ARC = YES;
				CLANG_ENABLE_OBJC_WEAK = YES;
				CLANG_WARN_BLOCK_CAPTURE_AUTORELEASING = YES;
				CLANG_WARN_BOOL_CONVERSION = YES;
				CLANG_WARN_COMMA = YES;
				CLANG_WARN_CONSTANT_CONVERSION = YES;
				CLANG_WARN_DEPRECATED_OBJC_IMPLEMENTATIONS = YES;
				CLANG_WARN_DIRECT_OBJC_ISA_USAGE = YES_ERROR;
				CLANG_WARN_DOCUMENTATION_COMMENTS = YES;
				CLANG_WARN_EMPTY_BODY = YES;
				CLANG_WARN_ENUM_CONVERSION = YES;
				CLANG_WARN_INFINITE_RECURSION = YES;
				CLANG_WARN_INT_CONVERSION = YES;
				CLANG_WARN_NON_LITERAL_NULL_CONVERSION = YES;
				CLANG_WARN_OBJC_IMPLICIT_RETAIN_SELF = YES;
				CLANG_WARN_OBJC_LITERAL_CONVERSION = YES;
				CLANG_WARN_OBJC_ROOT_CLASS = YES_ERROR;
				CLANG_WARN_QUOTED_INCLUDE_IN_FRAMEWORK_HEADER = YES;
				CLANG_WARN_RANGE_LOOP_ANALYSIS = YES;
				CLANG_WARN_STRICT_PROTOTYPES = YES;
				CLANG_WARN_SUSPICIOUS_MOVE = YES;
				CLANG_WARN_UNGUARDED_AVAILABILITY = YES_AGGRESSIVE;
				CLANG_WARN_UNREACHABLE_CODE = YES;
				CLANG_WARN__DUPLICATE_METHOD_MATCH = YES;
				COPY_PHASE_STRIP = NO;
				DEBUG_INFORMATION_FORMAT = "dwarf-with-dsym";
				ENABLE_NS_ASSERTIONS = NO;
				ENABLE_STRICT_OBJC_MSGSEND = YES;
				GCC_C_LANGUAGE_STANDARD = gnu11;
				GCC_NO_COMMON_BLOCKS = YES;
				GCC_WARN_64_TO_32_BIT_CONVERSION = YES;
				GCC_WARN_ABOUT_RETURN_TYPE = YES_ERROR;
				GCC_WARN_UNDECLARED_SELECTOR = YES;
				GCC_WARN_UNINITIALIZED_AUTOS = YES_AGGRESSIVE;
				GCC_WARN_UNUSED_FUNCTION = YES;
				GCC_WARN_UNUSED_VARIABLE = YES;
				MACOSX_DEPLOYMENT_TARGET = 13.3;
				MTL_ENABLE_DEBUG_INFO = NO;
				MTL_FAST_MATH = YES;
				SDKROOT = macosx;
				SWIFT_COMPILATION_MODE = wholemodule;
				SWIFT_OPTIMIZATION_LEVEL = "-O";
			};
			name = Release;
		};
		83A850522A56FBDA003645F6 /* Debug */ = {
			isa = XCBuildConfiguration;
			buildSettings = {
				ASSETCATALOG_COMPILER_APPICON_NAME = AppIcon;
				ASSETCATALOG_COMPILER_GLOBAL_ACCENT_COLOR_NAME = AccentColor;
				CODE_SIGN_ENTITLEMENTS = HosterSeven/HosterSeven.entitlements;
				CODE_SIGN_STYLE = Automatic;
				COMBINE_HIDPI_IMAGES = YES;
				CURRENT_PROJECT_VERSION = 1;
				DEVELOPMENT_ASSET_PATHS = "\"HosterSeven/Preview Content\"";
				DEVELOPMENT_TEAM = 5RMZ3ZU3DS;
				ENABLE_HARDENED_RUNTIME = YES;
				ENABLE_PREVIEWS = YES;
				GENERATE_INFOPLIST_FILE = YES;
				INFOPLIST_KEY_NSHumanReadableCopyright = "";
				LD_RUNPATH_SEARCH_PATHS = (
					"$(inherited)",
					"@executable_path/../Frameworks",
				);
				MARKETING_VERSION = 1.0;
				PRODUCT_BUNDLE_IDENTIFIER = com.shapedbyiris.HosterSeven;
				PRODUCT_NAME = "$(TARGET_NAME)";
				SWIFT_EMIT_LOC_STRINGS = YES;
				SWIFT_VERSION = 5.0;
			};
			name = Debug;
		};
		83A850532A56FBDA003645F6 /* Release */ = {
			isa = XCBuildConfiguration;
			buildSettings = {
				ASSETCATALOG_COMPILER_APPICON_NAME = AppIcon;
				ASSETCATALOG_COMPILER_GLOBAL_ACCENT_COLOR_NAME = AccentColor;
				CODE_SIGN_ENTITLEMENTS = HosterSeven/HosterSeven.entitlements;
				CODE_SIGN_STYLE = Automatic;
				COMBINE_HIDPI_IMAGES = YES;
				CURRENT_PROJECT_VERSION = 1;
				DEVELOPMENT_ASSET_PATHS = "\"HosterSeven/Preview Content\"";
				DEVELOPMENT_TEAM = 5RMZ3ZU3DS;
				ENABLE_HARDENED_RUNTIME = YES;
				ENABLE_PREVIEWS = YES;
				GENERATE_INFOPLIST_FILE = YES;
				INFOPLIST_KEY_NSHumanReadableCopyright = "";
				LD_RUNPATH_SEARCH_PATHS = (
					"$(inherited)",
					"@executable_path/../Frameworks",
				);
				MARKETING_VERSION = 1.0;
				PRODUCT_BUNDLE_IDENTIFIER = com.shapedbyiris.HosterSeven;
				PRODUCT_NAME = "$(TARGET_NAME)";
				SWIFT_EMIT_LOC_STRINGS = YES;
				SWIFT_VERSION = 5.0;
			};
			name = Release;
		};
/* End XCBuildConfiguration section */

/* Begin XCConfigurationList section */
		83A8503D2A56FBD8003645F6 /* Build configuration list for PBXProject "HosterSeven" */ = {
			isa = XCConfigurationList;
			buildConfigurations = (
				83A8504F2A56FBDA003645F6 /* Debug */,
				83A850502A56FBDA003645F6 /* Release */,
			);
			defaultConfigurationIsVisible = 0;
			defaultConfigurationName = Release;
		};
		83A850512A56FBDA003645F6 /* Build configuration list for PBXNativeTarget "HosterSeven" */ = {
			isa = XCConfigurationList;
			buildConfigurations = (
				83A850522A56FBDA003645F6 /* Debug */,
				83A850532A56FBDA003645F6 /* Release */,
			);
			defaultConfigurationIsVisible = 0;
			defaultConfigurationName = Release;
		};
/* End XCConfigurationList section */

/* Begin XCSwiftPackageProductDependency section */
		83217FC22A5C27C2006F01BC /* Segment-binaries */ = {
			isa = XCSwiftPackageProductDependency;
			productName = "Segment-binaries";
		};
/* End XCSwiftPackageProductDependency section */
	};
	rootObject = 83A8503A2A56FBD8003645F6 /* Project object */;
}
